<?xml version="1.0" encoding="utf-8"?>
<Project ToolsVersion="4.0" xmlns="http://schemas.microsoft.com/developer/msbuild/2003">
  <ItemGroup>
    <Filter Include="소스 파일">
      <UniqueIdentifier>{4FC737F1-C7A5-4376-A066-2A32D752A2FF}</UniqueIdentifier>
      <Extensions>cpp;c;cc;cxx;c++;cppm;ixx;def;odl;idl;hpj;bat;asm;asmx</Extensions>
    </Filter>
    <Filter Include="헤더 파일">
      <UniqueIdentifier>{93995380-89BD-4b04-88EB-625FBE52EBFB}</UniqueIdentifier>
      <Extensions>h;hh;hpp;hxx;h++;hm;inl;inc;ipp;xsd</Extensions>
    </Filter>
    <Filter Include="리소스 파일">
      <UniqueIdentifier>{67DA6AB6-F800-4c08-8B7A-83BB121AAD01}</UniqueIdentifier>
      <Extensions>rc;ico;cur;bmp;dlg;rc2;rct;bin;rgs;gif;jpg;jpeg;jpe;resx;tiff;tif;png;wav;mfcribbon-ms</Extensions>
    </Filter>
    <Filter Include="헤더 파일\Backjoon_Dijk">
      <UniqueIdentifier>{ba8db504-4d80-462b-b60e-93d59b88dae3}</UniqueIdentifier>
    </Filter>
    <Filter Include="헤더 파일\Backjoon_Parametic">
      <UniqueIdentifier>{88916df7-d0e5-4e7d-947c-9ccd273866bb}</UniqueIdentifier>
    </Filter>
    <Filter Include="헤더 파일\pro_BFS/DFS">
      <UniqueIdentifier>{21b2483b-6f65-4d92-9c39-02c49d57fd23}</UniqueIdentifier>
    </Filter>
    <Filter Include="헤더 파일\pro_DP">
      <UniqueIdentifier>{71481c66-a416-4c33-a4d0-68651af96730}</UniqueIdentifier>
    </Filter>
    <Filter Include="헤더 파일\pro_Simul">
      <UniqueIdentifier>{37800e25-4b24-45a9-8556-6c348f7eaa76}</UniqueIdentifier>
    </Filter>
    <Filter Include="헤더 파일\pro_Algo">
      <UniqueIdentifier>{8bb3e6e4-25ac-4152-9329-1223d2117dd7}</UniqueIdentifier>
    </Filter>
    <Filter Include="헤더 파일\Backjoon_DP">
      <UniqueIdentifier>{980de3ac-c8a3-47a2-8556-0b727976a4dc}</UniqueIdentifier>
    </Filter>
    <Filter Include="헤더 파일\Backjoon_Sliding">
      <UniqueIdentifier>{5009f46e-1378-413b-8494-0791fa727686}</UniqueIdentifier>
    </Filter>
    <Filter Include="헤더 파일\Backjoon_Twopointer">
      <UniqueIdentifier>{494a41e1-e236-4fa8-8d80-478e2bdf8df5}</UniqueIdentifier>
    </Filter>
    <Filter Include="헤더 파일\Backjoon_Prefix">
      <UniqueIdentifier>{106ea597-94b8-471f-ae80-2187f5f5390a}</UniqueIdentifier>
    </Filter>
    <Filter Include="헤더 파일\Backjoon_BFS/DFS">
      <UniqueIdentifier>{f48f0331-00e1-4762-87d1-064b9d4b1511}</UniqueIdentifier>
    </Filter>
    <Filter Include="헤더 파일\Backjoon_Simul">
      <UniqueIdentifier>{1b93eb41-a491-41c8-a0df-dd15295e043d}</UniqueIdentifier>
    </Filter>
    <Filter Include="헤더 파일\Samsung">
      <UniqueIdentifier>{a36be45c-1f6a-4bef-b75a-776b12516f7e}</UniqueIdentifier>
    </Filter>
    <Filter Include="헤더 파일\Backjoon_Hash">
      <UniqueIdentifier>{7a593112-e9b0-499c-afed-33d325ce2c63}</UniqueIdentifier>
    </Filter>
    <Filter Include="헤더 파일\Backjoon_Binarymatch">
      <UniqueIdentifier>{800d2aa8-5351-4649-bedf-8192e82cced3}</UniqueIdentifier>
    </Filter>
    <Filter Include="헤더 파일\Backjoon_Union">
      <UniqueIdentifier>{7816e8c4-6a28-43e9-9d50-907623900718}</UniqueIdentifier>
    </Filter>
    <Filter Include="헤더 파일\Backjoon_Tree">
      <UniqueIdentifier>{017b16dd-d7ed-418e-8210-f682420f1abd}</UniqueIdentifier>
    </Filter>
  </ItemGroup>
  <ItemGroup>
    <ClCompile Include="main.cpp">
      <Filter>소스 파일</Filter>
    </ClCompile>
  </ItemGroup>
  <ItemGroup>
    <ClInclude Include="Backjoon_Dijk_Gold4_1.h">
      <Filter>헤더 파일\Backjoon_Dijk</Filter>
    </ClInclude>
    <ClInclude Include="Backjoon_Dijk_Gold4_2.h">
      <Filter>헤더 파일\Backjoon_Dijk</Filter>
    </ClInclude>
    <ClInclude Include="Backjoon_Dijk_Gold4_4.h">
      <Filter>헤더 파일\Backjoon_Dijk</Filter>
    </ClInclude>
    <ClInclude Include="Backjoon_Dijk_Gold5_1.h">
      <Filter>헤더 파일\Backjoon_Dijk</Filter>
    </ClInclude>
    <ClInclude Include="Backjoon_Parametic_Silver1_1.h">
      <Filter>헤더 파일\Backjoon_Parametic</Filter>
    </ClInclude>
    <ClInclude Include="Backjoon_Parametic_Silver2_1.h">
      <Filter>헤더 파일\Backjoon_Parametic</Filter>
    </ClInclude>
    <ClInclude Include="pro_lv2_BFS_8.h">
      <Filter>헤더 파일\pro_BFS/DFS</Filter>
    </ClInclude>
    <ClInclude Include="pro_lv2_BFS_2.h">
      <Filter>헤더 파일\pro_BFS/DFS</Filter>
    </ClInclude>
    <ClInclude Include="pro_lv2_BFS_3.h">
      <Filter>헤더 파일\pro_BFS/DFS</Filter>
    </ClInclude>
    <ClInclude Include="pro_lv2_BFS_4.h">
      <Filter>헤더 파일\pro_BFS/DFS</Filter>
    </ClInclude>
    <ClInclude Include="pro_lv2_BFS_5.h">
      <Filter>헤더 파일\pro_BFS/DFS</Filter>
    </ClInclude>
    <ClInclude Include="pro_lv2_BFS_6.h">
      <Filter>헤더 파일\pro_BFS/DFS</Filter>
    </ClInclude>
    <ClInclude Include="pro_lv2_BFS_7.h">
      <Filter>헤더 파일\pro_BFS/DFS</Filter>
    </ClInclude>
    <ClInclude Include="pro_lv2_DFS_1.h">
      <Filter>헤더 파일\pro_BFS/DFS</Filter>
    </ClInclude>
    <ClInclude Include="pro_lv2_DFS_2.h">
      <Filter>헤더 파일\pro_BFS/DFS</Filter>
    </ClInclude>
    <ClInclude Include="pro_lv3_BFS_1.h">
      <Filter>헤더 파일\pro_BFS/DFS</Filter>
    </ClInclude>
    <ClInclude Include="pro_lv2_BFS_1.h">
      <Filter>헤더 파일\pro_BFS/DFS</Filter>
    </ClInclude>
    <ClInclude Include="pro_lv3_BFS_2.h">
      <Filter>헤더 파일\pro_BFS/DFS</Filter>
    </ClInclude>
    <ClInclude Include="pro_lv3_BFS_3.h">
      <Filter>헤더 파일\pro_BFS/DFS</Filter>
    </ClInclude>
    <ClInclude Include="pro_lv3_BFS_4.h">
      <Filter>헤더 파일\pro_BFS/DFS</Filter>
    </ClInclude>
    <ClInclude Include="pro_lv2_DP_1.h">
      <Filter>헤더 파일\pro_DP</Filter>
    </ClInclude>
    <ClInclude Include="pro_lv2_DP_2.h">
      <Filter>헤더 파일\pro_DP</Filter>
    </ClInclude>
    <ClInclude Include="pro_lv2_DP_3.h">
      <Filter>헤더 파일\pro_DP</Filter>
    </ClInclude>
    <ClInclude Include="pro_lv2_DP_4.h">
      <Filter>헤더 파일\pro_DP</Filter>
    </ClInclude>
    <ClInclude Include="pro_lv2_DP_5.h">
      <Filter>헤더 파일\pro_DP</Filter>
    </ClInclude>
    <ClInclude Include="pro_lv2_Simul_1.h">
      <Filter>헤더 파일\pro_Simul</Filter>
    </ClInclude>
    <ClInclude Include="pro_lv2_Simul_2.h">
      <Filter>헤더 파일\pro_Simul</Filter>
    </ClInclude>
    <ClInclude Include="pro_lv2_Simul_3.h">
      <Filter>헤더 파일\pro_Simul</Filter>
    </ClInclude>
    <ClInclude Include="pro_lv2_Simul_4.h">
      <Filter>헤더 파일\pro_Simul</Filter>
    </ClInclude>
    <ClInclude Include="pro_lv2_Simul_5.h">
      <Filter>헤더 파일\pro_Simul</Filter>
    </ClInclude>
    <ClInclude Include="pro_lv2_Simul_6.h">
      <Filter>헤더 파일\pro_Simul</Filter>
    </ClInclude>
    <ClInclude Include="pro_lv3_MST_1.h">
      <Filter>헤더 파일\pro_Algo</Filter>
    </ClInclude>
    <ClInclude Include="pro_lv2_Stack_4.h">
      <Filter>헤더 파일\pro_Algo</Filter>
    </ClInclude>
    <ClInclude Include="pro_lv2_Back_1.h">
      <Filter>헤더 파일\pro_Algo</Filter>
    </ClInclude>
    <ClInclude Include="pro_lv2_hash_4.h">
      <Filter>헤더 파일\pro_Algo</Filter>
    </ClInclude>
    <ClInclude Include="pro_lv2_Heap_1.h">
      <Filter>헤더 파일\pro_Algo</Filter>
    </ClInclude>
    <ClInclude Include="pro_lv2_Priorityqueue_1.h">
      <Filter>헤더 파일\pro_Algo</Filter>
    </ClInclude>
    <ClInclude Include="pro_lv2_Priorityqueue_2.h">
      <Filter>헤더 파일\pro_Algo</Filter>
    </ClInclude>
    <ClInclude Include="pro_lv2_Priorityqueue_3.h">
      <Filter>헤더 파일\pro_Algo</Filter>
    </ClInclude>
    <ClInclude Include="pro_lv2_Set_1.h">
      <Filter>헤더 파일\pro_Algo</Filter>
    </ClInclude>
    <ClInclude Include="pro_lv2_Sort_1.h">
      <Filter>헤더 파일\pro_Algo</Filter>
    </ClInclude>
    <ClInclude Include="pro_lv2_Sort_2.h">
      <Filter>헤더 파일\pro_Algo</Filter>
    </ClInclude>
    <ClInclude Include="pro_lv2_Stack_1.h">
      <Filter>헤더 파일\pro_Algo</Filter>
    </ClInclude>
    <ClInclude Include="pro_lv2_Stack_2.h">
      <Filter>헤더 파일\pro_Algo</Filter>
    </ClInclude>
    <ClInclude Include="pro_lv2_Stack_3.h">
      <Filter>헤더 파일\pro_Algo</Filter>
    </ClInclude>
    <ClInclude Include="pro_lv2_String_1.h">
      <Filter>헤더 파일\pro_Algo</Filter>
    </ClInclude>
    <ClInclude Include="pro_lv2_hash_2.h">
      <Filter>헤더 파일\pro_Algo</Filter>
    </ClInclude>
    <ClInclude Include="pro_lv2_hash_1.h">
      <Filter>헤더 파일\pro_Algo</Filter>
    </ClInclude>
    <ClInclude Include="pro_lv2_hash_3.h">
      <Filter>헤더 파일\pro_Algo</Filter>
    </ClInclude>
    <ClInclude Include="pro_lv3_Greedy_1.h">
      <Filter>헤더 파일\pro_Algo</Filter>
    </ClInclude>
    <ClInclude Include="pro_lv3_Greedy_2.h">
      <Filter>헤더 파일\pro_Algo</Filter>
    </ClInclude>
    <ClInclude Include="pro_lv3_hash_1.h">
      <Filter>헤더 파일\pro_Algo</Filter>
    </ClInclude>
    <ClInclude Include="pro_lv2_DP_6.h">
      <Filter>헤더 파일\pro_Algo</Filter>
    </ClInclude>
    <ClInclude Include="pro_lv2_Greedy_3.h">
      <Filter>헤더 파일\pro_Algo</Filter>
    </ClInclude>
    <ClInclude Include="pro_lv2_Greedy_4.h">
      <Filter>헤더 파일\pro_Algo</Filter>
    </ClInclude>
    <ClInclude Include="pro_lv2_Greedy_5.h">
      <Filter>헤더 파일\pro_Algo</Filter>
    </ClInclude>
    <ClInclude Include="pro_lv2_Parametic_5.h">
      <Filter>헤더 파일\pro_Algo</Filter>
    </ClInclude>
    <ClInclude Include="pro_lv2_Parametic_6.h">
      <Filter>헤더 파일\pro_Algo</Filter>
    </ClInclude>
    <ClInclude Include="Backjoon_Dijk_Gold5_2.h">
      <Filter>헤더 파일\Backjoon_Dijk</Filter>
    </ClInclude>
    <ClInclude Include="Backjoon_Dijk_Gold5_3.h">
      <Filter>헤더 파일\Backjoon_Dijk</Filter>
    </ClInclude>
    <ClInclude Include="Backjoon_DP_Silver2_1.h">
      <Filter>헤더 파일\Backjoon_DP</Filter>
    </ClInclude>
    <ClInclude Include="Backjoon_DP_Silver2_2.h">
      <Filter>헤더 파일\Backjoon_DP</Filter>
    </ClInclude>
    <ClInclude Include="Backjoon_DP_Silver2_3.h">
      <Filter>헤더 파일\Backjoon_DP</Filter>
    </ClInclude>
    <ClInclude Include="Backjoon_DP_Silver3_1.h">
      <Filter>헤더 파일\Backjoon_DP</Filter>
    </ClInclude>
    <ClInclude Include="Backjoon_DP_Silver4_1.h">
      <Filter>헤더 파일\Backjoon_DP</Filter>
    </ClInclude>
    <ClInclude Include="Backjoon_DP_Silver5_1.h">
      <Filter>헤더 파일\Backjoon_DP</Filter>
    </ClInclude>
    <ClInclude Include="Backjoon_Sliding_Silver4_1.h">
      <Filter>헤더 파일\Backjoon_Sliding</Filter>
    </ClInclude>
    <ClInclude Include="Backjoon_Sliding_Silver4_2.h">
      <Filter>헤더 파일\Backjoon_Sliding</Filter>
    </ClInclude>
    <ClInclude Include="Backjoon_Sliding_Silver5_1.h">
      <Filter>헤더 파일\Backjoon_Sliding</Filter>
    </ClInclude>
    <ClInclude Include="Backjoon_Sliding_Silver5_2.h">
      <Filter>헤더 파일\Backjoon_Sliding</Filter>
    </ClInclude>
    <ClInclude Include="Backjoon_Sliding_Silver5_3.h">
      <Filter>헤더 파일\Backjoon_Sliding</Filter>
    </ClInclude>
    <ClInclude Include="Backjoon_Twop_Silver2_1.h">
      <Filter>헤더 파일\Backjoon_Twopointer</Filter>
    </ClInclude>
    <ClInclude Include="Backjoon_Twop_Silver2_2.h">
      <Filter>헤더 파일\Backjoon_Twopointer</Filter>
    </ClInclude>
    <ClInclude Include="Backjoon_Twop_Silver5_1.h">
      <Filter>헤더 파일\Backjoon_Twopointer</Filter>
    </ClInclude>
    <ClInclude Include="Backjoon_Twop_Gold4_2.h">
      <Filter>헤더 파일\Backjoon_Twopointer</Filter>
    </ClInclude>
    <ClInclude Include="Backjoon_Twop_Gold3_1.h">
      <Filter>헤더 파일\Backjoon_Twopointer</Filter>
    </ClInclude>
    <ClInclude Include="Backjoon_Twop_Gold3_2.h">
      <Filter>헤더 파일\Backjoon_Twopointer</Filter>
    </ClInclude>
    <ClInclude Include="Backjoon_Twop_Gold4_1.h">
      <Filter>헤더 파일\Backjoon_Twopointer</Filter>
    </ClInclude>
    <ClInclude Include="Backjoon_Twop_Silver4_1.h">
      <Filter>헤더 파일\Backjoon_Twopointer</Filter>
    </ClInclude>
    <ClInclude Include="Backjoon_Prefix_Gold5_1.h">
      <Filter>헤더 파일\Backjoon_Prefix</Filter>
    </ClInclude>
    <ClInclude Include="Backjoon_Prefix_Silver1_1.h">
      <Filter>헤더 파일\Backjoon_Prefix</Filter>
    </ClInclude>
    <ClInclude Include="Backjoon_Prefix_Silver4_1.h">
      <Filter>헤더 파일\Backjoon_Prefix</Filter>
    </ClInclude>
    <ClInclude Include="Backjoon_Prefix_Silver4_2.h">
      <Filter>헤더 파일\Backjoon_Prefix</Filter>
    </ClInclude>
    <ClInclude Include="Backjoon_Prefix_Silver4_3.h">
      <Filter>헤더 파일\Backjoon_Prefix</Filter>
    </ClInclude>
    <ClInclude Include="Backjoon_Prefix_Silver5_1.h">
      <Filter>헤더 파일\Backjoon_Prefix</Filter>
    </ClInclude>
    <ClInclude Include="Backjoon_BFS_Gold1_1.h">
      <Filter>헤더 파일\Backjoon_BFS/DFS</Filter>
    </ClInclude>
    <ClInclude Include="Backjoon_BFS_Gold1_2.h">
      <Filter>헤더 파일\Backjoon_BFS/DFS</Filter>
    </ClInclude>
    <ClInclude Include="Backjoon_BFS_Gold1_3.h">
      <Filter>헤더 파일\Backjoon_BFS/DFS</Filter>
    </ClInclude>
    <ClInclude Include="Backjoon_Twop_Gold2_1.h">
      <Filter>헤더 파일\Backjoon_Twopointer</Filter>
    </ClInclude>
    <ClInclude Include="Backjoon_Twop_Gold3_3.h">
      <Filter>헤더 파일\Backjoon_Twopointer</Filter>
    </ClInclude>
    <ClInclude Include="Backjoon_Twop_Gold4_3.h">
      <Filter>헤더 파일\Backjoon_Twopointer</Filter>
    </ClInclude>
    <ClInclude Include="Backjoon_Twop_Gold4_4.h">
      <Filter>헤더 파일\Backjoon_Twopointer</Filter>
    </ClInclude>
    <ClInclude Include="Backjoon_Twop_Gold5_1.h">
      <Filter>헤더 파일\Backjoon_Twopointer</Filter>
    </ClInclude>
    <ClInclude Include="Backjoon_Twop_Gold5_2.h">
      <Filter>헤더 파일\Backjoon_Twopointer</Filter>
    </ClInclude>
    <ClInclude Include="Backjoon_DFS_Gold1_1.h">
      <Filter>헤더 파일\pro_BFS/DFS</Filter>
    </ClInclude>
    <ClInclude Include="Backjoon_DFS_Silver2_1.h">
      <Filter>헤더 파일\pro_BFS/DFS</Filter>
    </ClInclude>
    <ClInclude Include="Backjoon_Parametic_Gold5_1.h">
      <Filter>헤더 파일\Backjoon_Parametic</Filter>
    </ClInclude>
    <ClInclude Include="Backjoon_Parametic_Gold5_2.h">
      <Filter>헤더 파일\Backjoon_Parametic</Filter>
    </ClInclude>
    <ClInclude Include="Backjoon_Parametic_Gold5_3.h">
      <Filter>헤더 파일\Backjoon_Parametic</Filter>
    </ClInclude>
    <ClInclude Include="Backjoon_Prefix_Gold4_2.h">
      <Filter>헤더 파일\Backjoon_Prefix</Filter>
    </ClInclude>
    <ClInclude Include="Backjoon_Prefix_Gold4_1.h">
      <Filter>헤더 파일\Backjoon_Prefix</Filter>
    </ClInclude>
    <ClInclude Include="Backjoon_Prefix_Gold4_3.h">
      <Filter>헤더 파일\Backjoon_Prefix</Filter>
    </ClInclude>
    <ClInclude Include="Backjoon_Prefix_Silver5_2.h">
      <Filter>헤더 파일\Backjoon_Prefix</Filter>
    </ClInclude>
    <ClInclude Include="Backjoon_Prefix_Silver5_3.h">
      <Filter>헤더 파일\Backjoon_Prefix</Filter>
    </ClInclude>
    <ClInclude Include="Backjoon_Prefix_Silver5_4.h">
      <Filter>헤더 파일\Backjoon_Prefix</Filter>
    </ClInclude>
    <ClInclude Include="Backjoon_Prefix_Silver5_5.h">
      <Filter>헤더 파일\Backjoon_Prefix</Filter>
    </ClInclude>
    <ClInclude Include="Backjoon_Prefix_Silver5_6.h">
      <Filter>헤더 파일\Backjoon_Prefix</Filter>
    </ClInclude>
    <ClInclude Include="Backjoon_Prefix_Silver4_8.h">
      <Filter>헤더 파일\Backjoon_Prefix</Filter>
    </ClInclude>
    <ClInclude Include="Backjoon_Prefix_Silver4_4.h">
      <Filter>헤더 파일\Backjoon_Prefix</Filter>
    </ClInclude>
    <ClInclude Include="Backjoon_Prefix_Silver4_5.h">
      <Filter>헤더 파일\Backjoon_Prefix</Filter>
    </ClInclude>
    <ClInclude Include="Backjoon_Prefix_Silver4_6.h">
      <Filter>헤더 파일\Backjoon_Prefix</Filter>
    </ClInclude>
    <ClInclude Include="Backjoon_Prefix_Silver4_7.h">
      <Filter>헤더 파일\Backjoon_Prefix</Filter>
    </ClInclude>
    <ClInclude Include="Backjoon_Parametic_Silver2_2.h">
      <Filter>헤더 파일\Backjoon_Parametic</Filter>
    </ClInclude>
    <ClInclude Include="Backjoon_Parametic_Silver2_3.h">
      <Filter>헤더 파일\Backjoon_Parametic</Filter>
    </ClInclude>
    <ClInclude Include="Backjoon_Parametic_Silver2_4.h">
      <Filter>헤더 파일\Backjoon_Parametic</Filter>
    </ClInclude>
    <ClInclude Include="Backjoon_Parametic_Silver2_5.h">
      <Filter>헤더 파일\Backjoon_Parametic</Filter>
    </ClInclude>
    <ClInclude Include="Backjoon_Parametic_Silver2_6.h">
      <Filter>헤더 파일\Backjoon_Parametic</Filter>
    </ClInclude>
    <ClInclude Include="Backjoon_Prefix_Silver3_4.h">
      <Filter>헤더 파일\Backjoon_Prefix</Filter>
    </ClInclude>
    <ClInclude Include="Backjoon_Prefix_Silver3_1.h">
      <Filter>헤더 파일\Backjoon_Prefix</Filter>
    </ClInclude>
    <ClInclude Include="Backjoon_Prefix_Silver3_2.h">
      <Filter>헤더 파일\Backjoon_Prefix</Filter>
    </ClInclude>
    <ClInclude Include="Backjoon_Prefix_Silver3_3.h">
      <Filter>헤더 파일\Backjoon_Prefix</Filter>
    </ClInclude>
    <ClInclude Include="Backjoon_Prefix_Silver3_5.h">
      <Filter>헤더 파일\Backjoon_Prefix</Filter>
    </ClInclude>
    <ClInclude Include="Backjoon_Parametic_Silver1_2.h">
      <Filter>헤더 파일\Backjoon_Parametic</Filter>
    </ClInclude>
    <ClInclude Include="Backjoon_Parametic_Silver1_3.h">
      <Filter>헤더 파일\Backjoon_Parametic</Filter>
    </ClInclude>
    <ClInclude Include="Backjoon_Parametic_Silver1_4.h">
      <Filter>헤더 파일\Backjoon_Parametic</Filter>
    </ClInclude>
    <ClInclude Include="Backjoon_Parametic_Silver1_5.h">
      <Filter>헤더 파일\Backjoon_Parametic</Filter>
    </ClInclude>
    <ClInclude Include="Backjoon_Parametic_Silver1_6.h">
      <Filter>헤더 파일\Backjoon_Parametic</Filter>
    </ClInclude>
    <ClInclude Include="Backjoon_Prefix_Silver2_1.h">
      <Filter>헤더 파일\Backjoon_Prefix</Filter>
    </ClInclude>
    <ClInclude Include="Backjoon_Prefix_Silver2_2.h">
      <Filter>헤더 파일\Backjoon_Prefix</Filter>
    </ClInclude>
    <ClInclude Include="Backjoon_Parametic_Gold5_4.h">
      <Filter>헤더 파일\Backjoon_Parametic</Filter>
    </ClInclude>
    <ClInclude Include="Backjoon_Parametic_Gold5_5.h">
      <Filter>헤더 파일\Backjoon_Parametic</Filter>
    </ClInclude>
    <ClInclude Include="Backjoon_Parametic_Gold5_6.h">
      <Filter>헤더 파일\Backjoon_Parametic</Filter>
    </ClInclude>
    <ClInclude Include="Backjoon_Parametic_Gold5_7.h">
      <Filter>헤더 파일\Backjoon_Parametic</Filter>
    </ClInclude>
    <ClInclude Include="Backjoon_Parametic_Gold5_8.h">
      <Filter>헤더 파일\Backjoon_Parametic</Filter>
    </ClInclude>
    <ClInclude Include="Backjoon_Back_Silver2_1.h">
      <Filter>헤더 파일\Backjoon_BFS/DFS</Filter>
    </ClInclude>
    <ClInclude Include="Backjoon_Dijk_Gold2_1.h">
      <Filter>헤더 파일\Backjoon_Dijk</Filter>
    </ClInclude>
    <ClInclude Include="Backjoon_Parametic_Silver3_1.h">
      <Filter>헤더 파일\Backjoon_Parametic</Filter>
    </ClInclude>
    <ClInclude Include="Backjoon_Parametic_Gold2_1.h">
      <Filter>헤더 파일\Backjoon_Parametic</Filter>
    </ClInclude>
    <ClInclude Include="Backjoon_Parametic_Gold2_2.h">
      <Filter>헤더 파일\Backjoon_Parametic</Filter>
    </ClInclude>
    <ClInclude Include="Backjoon_DFS_Gold5_1.h">
      <Filter>헤더 파일\Backjoon_BFS/DFS</Filter>
    </ClInclude>
    <ClInclude Include="Backjoon_BFS_Gold5_1.h">
      <Filter>헤더 파일\Backjoon_BFS/DFS</Filter>
    </ClInclude>
    <ClInclude Include="Backjoon_Simul_Gold5_1.h">
      <Filter>헤더 파일\Backjoon_Simul</Filter>
    </ClInclude>
    <ClInclude Include="Backjoon_Simul_Gold5_2.h">
      <Filter>헤더 파일\Backjoon_Simul</Filter>
    </ClInclude>
    <ClInclude Include="Backjoon_Simul_Gold5_3.h">
      <Filter>헤더 파일\Backjoon_Simul</Filter>
    </ClInclude>
    <ClInclude Include="Backjoon_Simul_Gold5_4.h">
      <Filter>헤더 파일\Backjoon_Simul</Filter>
    </ClInclude>
    <ClInclude Include="Backjoon_Simul_Gold5_5.h">
      <Filter>헤더 파일\Backjoon_Simul</Filter>
    </ClInclude>
    <ClInclude Include="Backjoon_Simul_Gold5_6.h">
      <Filter>헤더 파일\Backjoon_Simul</Filter>
    </ClInclude>
    <ClInclude Include="Backjoon_DP_Gold5_1.h">
      <Filter>헤더 파일\Backjoon_DP</Filter>
    </ClInclude>
    <ClInclude Include="Backjoon_Stack_Gold5_1.h">
      <Filter>헤더 파일\Backjoon_Simul</Filter>
    </ClInclude>
    <ClInclude Include="Backjoon_BFS_Gold1_4.h">
      <Filter>헤더 파일\Backjoon_BFS/DFS</Filter>
    </ClInclude>
    <ClInclude Include="Backjoon_BFS_Silver2_1.h">
      <Filter>헤더 파일\Backjoon_BFS/DFS</Filter>
    </ClInclude>
    <ClInclude Include="Backjoon_BFS_Silver2_2.h">
      <Filter>헤더 파일\Backjoon_BFS/DFS</Filter>
    </ClInclude>
    <ClInclude Include="Backjoon_BFS_Silver2_3.h">
      <Filter>헤더 파일\Backjoon_BFS/DFS</Filter>
    </ClInclude>
    <ClInclude Include="Backjoon_BFS_Silver2_4.h">
      <Filter>헤더 파일\Backjoon_BFS/DFS</Filter>
    </ClInclude>
    <ClInclude Include="Backjoon_BFS_Silver3_1.h">
      <Filter>헤더 파일\Backjoon_BFS/DFS</Filter>
    </ClInclude>
    <ClInclude Include="pro_lv1_Simul_1.h">
      <Filter>헤더 파일\pro_Algo</Filter>
    </ClInclude>
    <ClInclude Include="pro_lv1_Simul_2.h">
      <Filter>헤더 파일\pro_Algo</Filter>
    </ClInclude>
    <ClInclude Include="pro_lv1_Simul_3.h">
      <Filter>헤더 파일\pro_Algo</Filter>
    </ClInclude>
    <ClInclude Include="pro_lv1_Simul_4.h">
      <Filter>헤더 파일\pro_Algo</Filter>
    </ClInclude>
    <ClInclude Include="pro_lv1_Simul_5.h">
      <Filter>헤더 파일\pro_Algo</Filter>
    </ClInclude>
    <ClInclude Include="pro_lv1_Simul_6.h">
      <Filter>헤더 파일\pro_Algo</Filter>
    </ClInclude>
    <ClInclude Include="pro_lv1_Simul_7.h">
      <Filter>헤더 파일\pro_Algo</Filter>
    </ClInclude>
    <ClInclude Include="pro_lv1_Simul_8.h">
      <Filter>헤더 파일\pro_Algo</Filter>
    </ClInclude>
    <ClInclude Include="pro_lv1_Simul_9.h">
      <Filter>헤더 파일\pro_Algo</Filter>
    </ClInclude>
    <ClInclude Include="pro_lv1_Simul_10.h">
      <Filter>헤더 파일\pro_Algo</Filter>
    </ClInclude>
    <ClInclude Include="pro_lv1_Simul_11.h">
      <Filter>헤더 파일\pro_Algo</Filter>
    </ClInclude>
    <ClInclude Include="pro_lv1_Simul_12.h">
      <Filter>헤더 파일\pro_Algo</Filter>
    </ClInclude>
    <ClInclude Include="pro_lv1_Simul_13.h">
      <Filter>헤더 파일\pro_Algo</Filter>
    </ClInclude>
    <ClInclude Include="pro_lv1_Simul_14.h">
      <Filter>헤더 파일\pro_Algo</Filter>
    </ClInclude>
    <ClInclude Include="pro_lv1_Simul_15.h">
      <Filter>헤더 파일\pro_Algo</Filter>
    </ClInclude>
    <ClInclude Include="pro_lv1_Simul_16.h">
      <Filter>헤더 파일\pro_Algo</Filter>
    </ClInclude>
    <ClInclude Include="pro_lv1_Simul_17.h">
      <Filter>헤더 파일\pro_Algo</Filter>
    </ClInclude>
    <ClInclude Include="pro_lv1_Simul_18.h">
      <Filter>헤더 파일\pro_Algo</Filter>
    </ClInclude>
    <ClInclude Include="pro_lv1_Simul_19.h">
      <Filter>헤더 파일\pro_Algo</Filter>
    </ClInclude>
    <ClInclude Include="pro_lv1_Simul_20.h">
      <Filter>헤더 파일\pro_Algo</Filter>
    </ClInclude>
    <ClInclude Include="pro_lv1_Simul_21.h">
      <Filter>헤더 파일\pro_Algo</Filter>
    </ClInclude>
    <ClInclude Include="Backjoon_DFS_Silver1_1.h">
      <Filter>헤더 파일\Backjoon_BFS/DFS</Filter>
    </ClInclude>
    <ClInclude Include="Backjoon_Back_Silver1_1.h">
      <Filter>헤더 파일\Backjoon_BFS/DFS</Filter>
    </ClInclude>
    <ClInclude Include="Backjoon_BFS_Gold4_4.h">
      <Filter>헤더 파일\Backjoon_BFS/DFS</Filter>
    </ClInclude>
    <ClInclude Include="Backjoon_BFS_Gold5_2.h">
      <Filter>헤더 파일\Backjoon_BFS/DFS</Filter>
    </ClInclude>
    <ClInclude Include="Backjoon_BFS_Silver1_1.h">
      <Filter>헤더 파일\Backjoon_BFS/DFS</Filter>
    </ClInclude>
    <ClInclude Include="Backjoon_BFS_Silver2_5.h">
      <Filter>헤더 파일\Backjoon_BFS/DFS</Filter>
    </ClInclude>
    <ClInclude Include="Backjoon_BFS_Silver2_6.h">
      <Filter>헤더 파일\Backjoon_BFS/DFS</Filter>
    </ClInclude>
    <ClInclude Include="Backjoon_BFS_Silver2_7.h">
      <Filter>헤더 파일\Backjoon_BFS/DFS</Filter>
    </ClInclude>
    <ClInclude Include="Backjoon_Simul_Silver2_2.h">
      <Filter>헤더 파일\Backjoon_Simul</Filter>
    </ClInclude>
    <ClInclude Include="Backjoon_Simul_Gold4_1.h">
      <Filter>헤더 파일\Backjoon_Simul</Filter>
    </ClInclude>
    <ClInclude Include="Backjoon_Simul_Silver2_1.h">
      <Filter>헤더 파일\Backjoon_Simul</Filter>
    </ClInclude>
    <ClInclude Include="Backjoon_Simul_Silver2_3.h">
      <Filter>헤더 파일\Backjoon_Simul</Filter>
    </ClInclude>
    <ClInclude Include="Backjoon_Simul_Silver4_2.h">
      <Filter>헤더 파일\Backjoon_Simul</Filter>
    </ClInclude>
    <ClInclude Include="Backjoon_Simul_Silver4_3.h">
      <Filter>헤더 파일\Backjoon_Simul</Filter>
    </ClInclude>
    <ClInclude Include="Bakcjoon_Simul_Silver4_1.h">
      <Filter>헤더 파일\Backjoon_Simul</Filter>
    </ClInclude>
    <ClInclude Include="Backjoon_DP_Gold5_2.h">
      <Filter>헤더 파일\Backjoon_DP</Filter>
    </ClInclude>
    <ClInclude Include="pro_lv1_Simul_22.h">
      <Filter>헤더 파일\pro_Algo</Filter>
    </ClInclude>
    <ClInclude Include="pro_lv1_Simul_23.h">
      <Filter>헤더 파일\pro_Algo</Filter>
    </ClInclude>
    <ClInclude Include="pro_lv1_Simul_24.h">
      <Filter>헤더 파일\pro_Algo</Filter>
    </ClInclude>
    <ClInclude Include="pro_lv1_Simul_25.h">
      <Filter>헤더 파일\pro_Algo</Filter>
    </ClInclude>
    <ClInclude Include="pro_lv1_Simul_26.h">
      <Filter>헤더 파일\pro_Algo</Filter>
    </ClInclude>
    <ClInclude Include="pro_lv1_Simul_27.h">
      <Filter>헤더 파일\pro_Algo</Filter>
    </ClInclude>
    <ClInclude Include="pro_lv1_Simul_28.h">
      <Filter>헤더 파일\pro_Algo</Filter>
    </ClInclude>
    <ClInclude Include="pro_lv1_Simul_29.h">
      <Filter>헤더 파일\pro_Algo</Filter>
    </ClInclude>
    <ClInclude Include="pro_lv1_Simul_30.h">
      <Filter>헤더 파일\pro_Algo</Filter>
    </ClInclude>
    <ClInclude Include="pro_lv1_Simul_31.h">
      <Filter>헤더 파일\pro_Algo</Filter>
    </ClInclude>
    <ClInclude Include="pro_lv1_Simul_32.h">
      <Filter>헤더 파일\pro_Algo</Filter>
    </ClInclude>
    <ClInclude Include="pro_lv1_Simul_33.h">
      <Filter>헤더 파일\pro_Algo</Filter>
    </ClInclude>
    <ClInclude Include="pro_lv1_Simul_34.h">
      <Filter>헤더 파일\pro_Algo</Filter>
    </ClInclude>
    <ClInclude Include="pro_lv1_Simul_35.h">
      <Filter>헤더 파일\pro_Algo</Filter>
    </ClInclude>
    <ClInclude Include="pro_lv1_Simul_36.h">
      <Filter>헤더 파일\pro_Algo</Filter>
    </ClInclude>
    <ClInclude Include="pro_lv1_Simul_37.h">
      <Filter>헤더 파일\pro_Algo</Filter>
    </ClInclude>
    <ClInclude Include="pro_lv1_Simul_38.h">
      <Filter>헤더 파일\pro_Algo</Filter>
    </ClInclude>
    <ClInclude Include="pro_lv1_Simul_39.h">
      <Filter>헤더 파일\pro_Algo</Filter>
    </ClInclude>
    <ClInclude Include="pro_lv1_Simul_40.h">
      <Filter>헤더 파일\pro_Algo</Filter>
    </ClInclude>
    <ClInclude Include="pro_lv1_Simul_41.h">
      <Filter>헤더 파일\pro_Algo</Filter>
    </ClInclude>
    <ClInclude Include="pro_lv1_Simul_42.h">
      <Filter>헤더 파일\pro_Algo</Filter>
    </ClInclude>
    <ClInclude Include="pro_lv1_Simul_43.h">
      <Filter>헤더 파일\pro_Algo</Filter>
    </ClInclude>
    <ClInclude Include="pro_lv1_Simul_44.h">
      <Filter>헤더 파일\pro_Algo</Filter>
    </ClInclude>
    <ClInclude Include="pro_lv1_Simul_45.h">
      <Filter>헤더 파일\pro_Algo</Filter>
    </ClInclude>
    <ClInclude Include="pro_lv1_Simul_46.h">
      <Filter>헤더 파일\pro_Algo</Filter>
    </ClInclude>
    <ClInclude Include="pro_lv1_Simul_47.h">
      <Filter>헤더 파일\pro_Algo</Filter>
    </ClInclude>
    <ClInclude Include="pro_lv1_Simul_48.h">
      <Filter>헤더 파일\pro_Algo</Filter>
    </ClInclude>
    <ClInclude Include="pro_lv1_Simul_49.h">
      <Filter>헤더 파일\pro_Algo</Filter>
    </ClInclude>
    <ClInclude Include="pro_lv1_Simul_50.h">
      <Filter>헤더 파일\pro_Algo</Filter>
    </ClInclude>
    <ClInclude Include="pro_lv1_Simul_51.h">
      <Filter>헤더 파일\pro_Algo</Filter>
    </ClInclude>
    <ClInclude Include="pro_lv1_Simul_52.h">
      <Filter>헤더 파일\pro_Algo</Filter>
    </ClInclude>
    <ClInclude Include="pro_lv1_Simul_53.h">
      <Filter>헤더 파일\pro_Algo</Filter>
    </ClInclude>
    <ClInclude Include="pro_lv1_Simul_54.h">
      <Filter>헤더 파일\pro_Algo</Filter>
    </ClInclude>
    <ClInclude Include="pro_lv1_Simul_55.h">
      <Filter>헤더 파일\pro_Algo</Filter>
    </ClInclude>
    <ClInclude Include="Backjoon_Hash_Silver3_1.h">
      <Filter>헤더 파일\Backjoon_Hash</Filter>
    </ClInclude>
    <ClInclude Include="Backjoon_Hash_Silver4_1.h">
      <Filter>헤더 파일\Backjoon_Hash</Filter>
    </ClInclude>
    <ClInclude Include="Backjoon_Hash_Silver4_2.h">
      <Filter>헤더 파일\Backjoon_Hash</Filter>
    </ClInclude>
    <ClInclude Include="Backjoon_Hash_Silver4_3.h">
      <Filter>헤더 파일\Backjoon_Hash</Filter>
    </ClInclude>
    <ClInclude Include="Backjoon_Hash_Silver4_4.h">
      <Filter>헤더 파일\Backjoon_Hash</Filter>
    </ClInclude>
    <ClInclude Include="Backjoon_Greedy_Bronze4_1.h">
      <Filter>헤더 파일\Backjoon_DP</Filter>
    </ClInclude>
    <ClInclude Include="Backjoon_Greedy_Bronze3_2.h">
      <Filter>헤더 파일\Backjoon_DP</Filter>
    </ClInclude>
    <ClInclude Include="Backjoon_Greedy_Bronze3_3.h">
      <Filter>헤더 파일\Backjoon_DP</Filter>
    </ClInclude>
    <ClInclude Include="Backjoon_Greedy_Bronze3_4.h">
      <Filter>헤더 파일\Backjoon_DP</Filter>
    </ClInclude>
    <ClInclude Include="Backjoon_Greedy_Bronze3_5.h">
      <Filter>헤더 파일\Backjoon_DP</Filter>
    </ClInclude>
    <ClInclude Include="Backjoon_Greedy_Bronze3_6.h">
      <Filter>헤더 파일\Backjoon_DP</Filter>
    </ClInclude>
    <ClInclude Include="Backjoon_Greedy_Bronze3_7.h">
      <Filter>헤더 파일\Backjoon_DP</Filter>
    </ClInclude>
    <ClInclude Include="Backjoon_Greedy_Bronze3_1.h">
      <Filter>헤더 파일\Backjoon_DP</Filter>
    </ClInclude>
    <ClInclude Include="Backjoon_Hash_Silver4_5.h">
      <Filter>헤더 파일\Backjoon_Hash</Filter>
    </ClInclude>
    <ClInclude Include="Backjoon_Hash_Silver4_6.h">
      <Filter>헤더 파일\Backjoon_Hash</Filter>
    </ClInclude>
    <ClInclude Include="Backjoon_Hash_Silver4_7.h">
      <Filter>헤더 파일\Backjoon_Hash</Filter>
    </ClInclude>
    <ClInclude Include="Backjoon_Hash_Silver4_8.h">
      <Filter>헤더 파일\Backjoon_Hash</Filter>
    </ClInclude>
    <ClInclude Include="Backjoon_Hash_Silver4_9.h">
      <Filter>헤더 파일\Backjoon_Hash</Filter>
    </ClInclude>
    <ClInclude Include="Backjoon_Hash_Silver4_10.h">
      <Filter>헤더 파일\Backjoon_Hash</Filter>
    </ClInclude>
    <ClInclude Include="Backjoon_Hash_Silver3_2.h">
      <Filter>헤더 파일\Backjoon_Hash</Filter>
    </ClInclude>
    <ClInclude Include="Backjoon_Hash_Silver3_3.h">
      <Filter>헤더 파일\Backjoon_Hash</Filter>
    </ClInclude>
    <ClInclude Include="Backjoon_Hash_Silver3_4.h">
      <Filter>헤더 파일\Backjoon_Hash</Filter>
    </ClInclude>
    <ClInclude Include="Backjoon_Hash_Silver3_5.h">
      <Filter>헤더 파일\Backjoon_Hash</Filter>
    </ClInclude>
    <ClInclude Include="Backjoon_Hash_Silver3_6.h">
      <Filter>헤더 파일\Backjoon_Hash</Filter>
    </ClInclude>
    <ClInclude Include="Backjoon_Greedy_Silver4_1.h">
      <Filter>헤더 파일\Backjoon_DP</Filter>
    </ClInclude>
    <ClInclude Include="Backjoon_Greedy_Silver4_2.h">
      <Filter>헤더 파일\Backjoon_DP</Filter>
    </ClInclude>
    <ClInclude Include="Backjoon_Greedy_Silver5_1.h">
      <Filter>헤더 파일\Backjoon_DP</Filter>
    </ClInclude>
    <ClInclude Include="Backjoon_Hash_Silver3_7.h">
      <Filter>헤더 파일\Backjoon_Hash</Filter>
    </ClInclude>
    <ClInclude Include="Backjoon_Hash_Silver3_8.h">
      <Filter>헤더 파일\Backjoon_Hash</Filter>
    </ClInclude>
    <ClInclude Include="Backjoon_Hash_Silver3_9.h">
      <Filter>헤더 파일\Backjoon_Hash</Filter>
    </ClInclude>
    <ClInclude Include="Backjoon_Hash_Silver3_10.h">
      <Filter>헤더 파일\Backjoon_Hash</Filter>
    </ClInclude>
    <ClInclude Include="Backjoon_Hash_Silver3_11.h">
      <Filter>헤더 파일\Backjoon_Hash</Filter>
    </ClInclude>
    <ClInclude Include="Backjoon_Greedy_Bronze3_8.h">
      <Filter>헤더 파일\Backjoon_DP</Filter>
    </ClInclude>
    <ClInclude Include="Backjoon_Greedy_Bronze2_1.h">
      <Filter>헤더 파일\Backjoon_DP</Filter>
    </ClInclude>
    <ClInclude Include="Backjoon_Greedy_Bronze2_2.h">
      <Filter>헤더 파일\Backjoon_DP</Filter>
    </ClInclude>
    <ClInclude Include="Backjoon_Greedy_Bronze2_3.h">
      <Filter>헤더 파일\Backjoon_DP</Filter>
    </ClInclude>
    <ClInclude Include="Backjoon_Greedy_Bronze2_4.h">
      <Filter>헤더 파일\Backjoon_DP</Filter>
    </ClInclude>
    <ClInclude Include="Backjoon_Greedy_Bronze2_5.h">
      <Filter>헤더 파일\Backjoon_DP</Filter>
    </ClInclude>
    <ClInclude Include="Backjoon_Greedy_Bronze2_6.h">
      <Filter>헤더 파일\Backjoon_DP</Filter>
    </ClInclude>
    <ClInclude Include="Backjoon_Greedy_Bronze2_7.h">
      <Filter>헤더 파일\Backjoon_DP</Filter>
    </ClInclude>
    <ClInclude Include="Backjoon_Greedy_Bronze2_8.h">
      <Filter>헤더 파일\Backjoon_DP</Filter>
    </ClInclude>
    <ClInclude Include="Backjoon_Hash_Silver2_1.h">
      <Filter>헤더 파일\Backjoon_Hash</Filter>
    </ClInclude>
    <ClInclude Include="Backjoon_Hash_Silver2_2.h">
      <Filter>헤더 파일\Backjoon_Hash</Filter>
    </ClInclude>
    <ClInclude Include="Backjoon_Hash_Silver2_3.h">
      <Filter>헤더 파일\Backjoon_Hash</Filter>
    </ClInclude>
    <ClInclude Include="Backjoon_Greedy_Bronze2_9.h">
      <Filter>헤더 파일\Backjoon_DP</Filter>
    </ClInclude>
    <ClInclude Include="Backjoon_Greedy_Bronze2_10.h">
      <Filter>헤더 파일\Backjoon_DP</Filter>
    </ClInclude>
    <ClInclude Include="Backjoon_Greedy_Bronze2_11.h">
      <Filter>헤더 파일\Backjoon_DP</Filter>
    </ClInclude>
    <ClInclude Include="Backjoon_Greedy_Bronze2_12.h">
      <Filter>헤더 파일\Backjoon_DP</Filter>
    </ClInclude>
    <ClInclude Include="Backjoon_Greedy_Bronze2_13.h">
      <Filter>헤더 파일\Backjoon_DP</Filter>
    </ClInclude>
    <ClInclude Include="Backjoon_Greedy_Bronze2_14.h">
      <Filter>헤더 파일\Backjoon_DP</Filter>
    </ClInclude>
    <ClInclude Include="Backjoon_Greedy_Bronze2_15.h">
      <Filter>헤더 파일\Backjoon_DP</Filter>
    </ClInclude>
    <ClInclude Include="Backjoon_Greedy_Bronze2_16.h">
      <Filter>헤더 파일\Backjoon_DP</Filter>
    </ClInclude>
    <ClInclude Include="Backjoon_Greedy_Bronze2_17.h">
      <Filter>헤더 파일\Backjoon_DP</Filter>
    </ClInclude>
    <ClInclude Include="Backjoon_Greedy_Bronze2_18.h">
      <Filter>헤더 파일\Backjoon_DP</Filter>
    </ClInclude>
    <ClInclude Include="Backjoon_Greedy_Bronze2_19.h">
      <Filter>헤더 파일\Backjoon_DP</Filter>
    </ClInclude>
    <ClInclude Include="Backjoon_Greedy_Bronze2_20.h">
      <Filter>헤더 파일\Backjoon_DP</Filter>
    </ClInclude>
    <ClInclude Include="Backjoon_Greedy_Bronze3_9.h">
      <Filter>헤더 파일\Backjoon_DP</Filter>
    </ClInclude>
    <ClInclude Include="Backjoon_Greedy_Bronze2_21.h">
      <Filter>헤더 파일\Backjoon_DP</Filter>
    </ClInclude>
    <ClInclude Include="Backjoon_Greedy_Bronze2_22.h">
      <Filter>헤더 파일\Backjoon_DP</Filter>
    </ClInclude>
    <ClInclude Include="Backjoon_Greedy_Bronze2_23.h">
      <Filter>헤더 파일\Backjoon_DP</Filter>
    </ClInclude>
    <ClInclude Include="Backjoon_Greedy_Bronze2_24.h">
      <Filter>헤더 파일\Backjoon_DP</Filter>
    </ClInclude>
    <ClInclude Include="Backjoon_Greedy_Bronze1_1.h">
      <Filter>헤더 파일\Backjoon_DP</Filter>
    </ClInclude>
    <ClInclude Include="Backjoon_Greedy_Bronze1_2.h">
      <Filter>헤더 파일\Backjoon_DP</Filter>
    </ClInclude>
    <ClInclude Include="Backjoon_Greedy_Bronze1_3.h">
      <Filter>헤더 파일\Backjoon_DP</Filter>
    </ClInclude>
    <ClInclude Include="Backjoon_Greedy_Bronze1_4.h">
      <Filter>헤더 파일\Backjoon_DP</Filter>
    </ClInclude>
    <ClInclude Include="Backjoon_Greedy_Bronze1_5.h">
      <Filter>헤더 파일\Backjoon_DP</Filter>
    </ClInclude>
    <ClInclude Include="Backjoon_Greedy_Bronze1_6.h">
      <Filter>헤더 파일\Backjoon_DP</Filter>
    </ClInclude>
    <ClInclude Include="Backjoon_Greedy_Bronze1_7.h">
      <Filter>헤더 파일\Backjoon_DP</Filter>
    </ClInclude>
    <ClInclude Include="Backjoon_Greedy_Bronze1_8.h">
      <Filter>헤더 파일\Backjoon_DP</Filter>
    </ClInclude>
    <ClInclude Include="Backjoon_Greedy_Bronze1_9.h">
      <Filter>헤더 파일\Backjoon_DP</Filter>
    </ClInclude>
    <ClInclude Include="Backjoon_Greedy_Bronze1_10.h">
      <Filter>헤더 파일\Backjoon_DP</Filter>
    </ClInclude>
    <ClInclude Include="Backjoon_Greedy_Bronze1_11.h">
      <Filter>헤더 파일\Backjoon_DP</Filter>
    </ClInclude>
    <ClInclude Include="Backjoon_Greedy_Bronze1_12.h">
      <Filter>헤더 파일\Backjoon_DP</Filter>
    </ClInclude>
    <ClInclude Include="Backjoon_Greedy_Bronze1_13.h">
      <Filter>헤더 파일\Backjoon_DP</Filter>
    </ClInclude>
    <ClInclude Include="Backjoon_Greedy_Bronze1_14.h">
      <Filter>헤더 파일\Backjoon_DP</Filter>
    </ClInclude>
    <ClInclude Include="Backjoon_BFS_Silver5_1.h">
      <Filter>헤더 파일\Backjoon_BFS/DFS</Filter>
    </ClInclude>
    <ClInclude Include="Backjoon_Hash_Silver4_11.h">
      <Filter>헤더 파일\Backjoon_Hash</Filter>
    </ClInclude>
    <ClInclude Include="Backjoon_Hash_Silver5_1.h">
      <Filter>헤더 파일\Backjoon_Hash</Filter>
    </ClInclude>
    <ClInclude Include="Backjoon_Hash_Silver5_2.h">
      <Filter>헤더 파일\Backjoon_Hash</Filter>
    </ClInclude>
    <ClInclude Include="Backjoon_Hash_Silver5_3.h">
      <Filter>헤더 파일\Backjoon_Hash</Filter>
    </ClInclude>
    <ClInclude Include="Backjoon_Simul_Silver4_4.h">
      <Filter>헤더 파일\Backjoon_Simul</Filter>
    </ClInclude>
    <ClInclude Include="pro_lv1_Simul_56.h">
      <Filter>헤더 파일\pro_Simul</Filter>
    </ClInclude>
    <ClInclude Include="Backjoon_Simul_Bronze5_1.h">
      <Filter>헤더 파일\Backjoon_Simul</Filter>
    </ClInclude>
    <ClInclude Include="Backjoon_Simul_Bronze5_2.h">
      <Filter>헤더 파일\Backjoon_Simul</Filter>
    </ClInclude>
    <ClInclude Include="Backjoon_Simul_Bronze5_3.h">
      <Filter>헤더 파일\Backjoon_Simul</Filter>
    </ClInclude>
    <ClInclude Include="Backjoon_Simul_Silver3_1.h">
      <Filter>헤더 파일\Backjoon_Simul</Filter>
    </ClInclude>
    <ClInclude Include="Backjoon_Simul_Silver3_2.h">
      <Filter>헤더 파일\Backjoon_Simul</Filter>
    </ClInclude>
    <ClInclude Include="Backjoon_Simul_Silver3_3.h">
      <Filter>헤더 파일\Backjoon_Simul</Filter>
    </ClInclude>
    <ClInclude Include="Backjoon_Hash_Silver2_4.h">
      <Filter>헤더 파일\Backjoon_Hash</Filter>
    </ClInclude>
    <ClInclude Include="Backjoon_Hash_Silver2_5.h">
      <Filter>헤더 파일\Backjoon_Hash</Filter>
    </ClInclude>
    <ClInclude Include="Backjoon_Parametic_Silver4_1.h">
      <Filter>헤더 파일\Backjoon_Parametic</Filter>
    </ClInclude>
    <ClInclude Include="Backjoon_Parametic_Silver4_2.h">
      <Filter>헤더 파일\Backjoon_Parametic</Filter>
    </ClInclude>
    <ClInclude Include="Backjoon_Parametic_Silver4_3.h">
      <Filter>헤더 파일\Backjoon_Parametic</Filter>
    </ClInclude>
    <ClInclude Include="Backjoon_Binarymatch_Gold3_1.h">
      <Filter>헤더 파일\Backjoon_Binarymatch</Filter>
    </ClInclude>
    <ClInclude Include="Backjoon_Binarymatch_Tutorial.h">
      <Filter>헤더 파일\Backjoon_Binarymatch</Filter>
    </ClInclude>
    <ClInclude Include="Backjoon_Simul_Bronze5_5.h">
      <Filter>헤더 파일\Backjoon_Simul</Filter>
    </ClInclude>
    <ClInclude Include="Backjoon_Simul_Bronze5_4.h">
      <Filter>헤더 파일\Backjoon_Simul</Filter>
    </ClInclude>
    <ClInclude Include="Backjoon_Simul_Bronze5_6.h">
      <Filter>헤더 파일\Backjoon_Simul</Filter>
    </ClInclude>
    <ClInclude Include="Backjoon_Simul_Bronze5_7.h">
      <Filter>헤더 파일\Backjoon_Simul</Filter>
    </ClInclude>
    <ClInclude Include="Backjoon_Simul_Bronze5_8.h">
      <Filter>헤더 파일\Backjoon_Simul</Filter>
    </ClInclude>
    <ClInclude Include="Backjoon_Simul_Bronze5_9.h">
      <Filter>헤더 파일\Backjoon_Simul</Filter>
    </ClInclude>
    <ClInclude Include="Backjoon_Simul_Bronze5_10.h">
      <Filter>헤더 파일\Backjoon_Simul</Filter>
    </ClInclude>
    <ClInclude Include="Backjoon_BFS_Gold5_3.h">
      <Filter>헤더 파일\Backjoon_BFS/DFS</Filter>
    </ClInclude>
    <ClInclude Include="Backjoon_BFS_Gold5_4.h">
      <Filter>헤더 파일\Backjoon_BFS/DFS</Filter>
    </ClInclude>
    <ClInclude Include="Backjoon_BFS_Gold5_5.h">
      <Filter>헤더 파일\Backjoon_BFS/DFS</Filter>
    </ClInclude>
    <ClInclude Include="Backjoon_BFS_Gold5_6.h">
      <Filter>헤더 파일\Backjoon_BFS/DFS</Filter>
    </ClInclude>
    <ClInclude Include="Backjoon_BFS_Silver2_8.h">
      <Filter>헤더 파일\Backjoon_BFS/DFS</Filter>
    </ClInclude>
    <ClInclude Include="Backjoon_Simul_Bronze4_1.h">
      <Filter>헤더 파일\Backjoon_Simul</Filter>
    </ClInclude>
    <ClInclude Include="Backjoon_BFS_Silver2_9.h">
      <Filter>헤더 파일\Backjoon_BFS/DFS</Filter>
    </ClInclude>
    <ClInclude Include="Backjoon_Hash_Silver5_4.h">
      <Filter>헤더 파일\Backjoon_Hash</Filter>
    </ClInclude>
    <ClInclude Include="Backjoon_Hash_Silver5_5.h">
      <Filter>헤더 파일\Backjoon_Hash</Filter>
    </ClInclude>
    <ClInclude Include="Backjoon_Union_Gold5_1.h">
      <Filter>헤더 파일\Backjoon_Union</Filter>
    </ClInclude>
    <ClInclude Include="Backjoon_Simul_Silver5_1.h">
      <Filter>헤더 파일\Backjoon_Simul</Filter>
    </ClInclude>
    <ClInclude Include="Backjoon_Simul_Silver5_2.h">
      <Filter>헤더 파일\Backjoon_Simul</Filter>
    </ClInclude>
    <ClInclude Include="Backjoon_Simul_Silver5_3.h">
      <Filter>헤더 파일\Backjoon_Simul</Filter>
    </ClInclude>
    <ClInclude Include="Backjoon_Simul_Bronze4_4.h">
      <Filter>헤더 파일\Backjoon_Simul</Filter>
    </ClInclude>
    <ClInclude Include="Backjoon_Simul_Bronze4_3.h">
      <Filter>헤더 파일\Backjoon_Simul</Filter>
    </ClInclude>
    <ClInclude Include="Backjoon_Simul_Bronze4_2.h">
      <Filter>헤더 파일\Backjoon_Simul</Filter>
    </ClInclude>
    <ClInclude Include="Backjoon_Binarymatch_Platinum3_1.h">
      <Filter>헤더 파일\Backjoon_Binarymatch</Filter>
    </ClInclude>
    <ClInclude Include="Backjoon_Binarymatch_Platinum4_2.h">
      <Filter>헤더 파일\Backjoon_Binarymatch</Filter>
    </ClInclude>
    <ClInclude Include="Backjoon_Binarymatch_Platinum4_1.h">
      <Filter>헤더 파일\Backjoon_Binarymatch</Filter>
    </ClInclude>
    <ClInclude Include="Backjoon_Binarymatch_Platinum4_3.h">
      <Filter>헤더 파일\Backjoon_Binarymatch</Filter>
    </ClInclude>
    <ClInclude Include="Backjoon_BFS_Gold4_1.h">
      <Filter>헤더 파일\Backjoon_BFS/DFS</Filter>
    </ClInclude>
    <ClInclude Include="Backjoon_BFS_Gold4_2.h">
      <Filter>헤더 파일\Backjoon_BFS/DFS</Filter>
    </ClInclude>
    <ClInclude Include="Backjoon_BFS_Gold4_3.h">
      <Filter>헤더 파일\Backjoon_BFS/DFS</Filter>
    </ClInclude>
    <ClInclude Include="Backjoon_BFS_Gold4_5.h">
      <Filter>헤더 파일\Backjoon_BFS/DFS</Filter>
    </ClInclude>
    <ClInclude Include="Backjoon_BFS_Gold4_6.h">
      <Filter>헤더 파일\Backjoon_BFS/DFS</Filter>
    </ClInclude>
    <ClInclude Include="Backjoon_BFS_Gold3_1.h">
      <Filter>헤더 파일</Filter>
    </ClInclude>
    <ClInclude Include="Backjoon_Tree_Silver4_1.h">
      <Filter>헤더 파일\Backjoon_Tree</Filter>
    </ClInclude>
    <ClInclude Include="Backjoon_Tree_Silver4_2.h">
      <Filter>헤더 파일\Backjoon_Tree</Filter>
    </ClInclude>
    <ClInclude Include="Backjoon_Tree_Silver4_3.h">
      <Filter>헤더 파일\Backjoon_Tree</Filter>
    </ClInclude>
    <ClInclude Include="Backjoon_Simul_Bronze5_11.h">
      <Filter>헤더 파일\Backjoon_Simul</Filter>
    </ClInclude>
    <ClInclude Include="Backjoon_Tree_Gold3_1.h">
      <Filter>헤더 파일</Filter>
    </ClInclude>
    <ClInclude Include="Backjoon_Tree_Gold4_1.h">
      <Filter>헤더 파일</Filter>
    </ClInclude>
    <ClInclude Include="Backjoon_Tree_Gold4_2.h">
      <Filter>헤더 파일</Filter>
    </ClInclude>
    <ClInclude Include="Backjoon_Hash_Bronze1_1.h">
      <Filter>헤더 파일</Filter>
    </ClInclude>
  </ItemGroup>
  <ItemGroup>
    <Text Include="SQL.txt">
      <Filter>헤더 파일</Filter>
    </Text>
    <Text Include="Backjoon_BFS_GuideLine.txt">
      <Filter>헤더 파일\Backjoon_BFS/DFS</Filter>
    </Text>
    <Text Include="Backjoon_Tree_Tutorial_Algo.txt">
      <Filter>헤더 파일</Filter>
    </Text>
  </ItemGroup>
</Project>